
Microsoft Visual Studio Solution File, Format Version 12.00
# Visual Studio Version 17
VisualStudioVersion = 17.3.32901.215
MinimumVisualStudioVersion = 10.0.40219.1
Project("{2150E333-8FDC-42A3-9474-1A3956D46DE8}") = "Services", "Services", "{B76455B6-6DA5-4C00-9F3A-18BA678BE019}"
EndProject
Project("{2150E333-8FDC-42A3-9474-1A3956D46DE8}") = "Catalog", "Catalog", "{E9B16DE2-F38E-418D-A5E6-DB11143D9B5A}"
EndProject
Project("{9A19103F-16F7-4668-BE54-9A1E7A4F7556}") = "FreeCourse.Services.Catalog", "Services\Catalog\FreeCourse.Services.Catalog\FreeCourse.Services.Catalog.csproj", "{7436C3FA-6756-4770-BF3E-89DE233FECA4}"
EndProject
Project("{2150E333-8FDC-42A3-9474-1A3956D46DE8}") = "Ports", "Ports", "{67CD7000-3AAD-452A-A5A0-5DB7E495170E}"
	ProjectSection(SolutionItems) = preProject
		Ports.txt = Ports.txt
	EndProjectSection
EndProject
Project("{2150E333-8FDC-42A3-9474-1A3956D46DE8}") = "Shared", "Shared", "{97E84455-EAD7-4136-A886-0B9E04A4A57D}"
EndProject
Project("{9A19103F-16F7-4668-BE54-9A1E7A4F7556}") = "FreeCourse.Shared", "Shared\FreeCourse.Shared\FreeCourse.Shared.csproj", "{DFEA2C98-C92F-4618-9FAB-32C3EFFCF708}"
EndProject
Project("{2150E333-8FDC-42A3-9474-1A3956D46DE8}") = "IdentityServer", "IdentityServer", "{BB9AA8A7-F519-4270-BC38-4AB57A9DBFF0}"
EndProject
Project("{2150E333-8FDC-42A3-9474-1A3956D46DE8}") = "Photostock", "Photostock", "{3A148D13-12D1-44C2-B983-90C485867C3E}"
EndProject
Project("{9A19103F-16F7-4668-BE54-9A1E7A4F7556}") = "FreeCourse.Services.Photostock", "Services\Photostock\FreeCourse.Services.Photostock\FreeCourse.Services.Photostock.csproj", "{3EC5AEBF-90B0-4E1C-B034-35CEBBEBADB8}"
EndProject
Project("{9A19103F-16F7-4668-BE54-9A1E7A4F7556}") = "IdentityServer4API", "..\IdentityServer4API\IdentityServer4API\IdentityServer4API.csproj", "{B865F976-52DF-43DC-9C9F-2F6BCC9756FB}"
EndProject
Project("{2150E333-8FDC-42A3-9474-1A3956D46DE8}") = "Basket", "Basket", "{928709F1-26C6-4DC0-9506-D1B7F2D8F687}"
EndProject
Project("{FAE04EC0-301F-11D3-BF4B-00C04F79EFBC}") = "FreeCourse.Services.Basket", "Services\Basket\FreeCourse.Services.Basket\FreeCourse.Services.Basket.csproj", "{72E76E71-9E31-4AB2-9C67-6B040D59BF1F}"
EndProject
Global
	GlobalSection(SolutionConfigurationPlatforms) = preSolution
		Debug|Any CPU = Debug|Any CPU
		Release|Any CPU = Release|Any CPU
	EndGlobalSection
	GlobalSection(ProjectConfigurationPlatforms) = postSolution
		{7436C3FA-6756-4770-BF3E-89DE233FECA4}.Debug|Any CPU.ActiveCfg = Debug|Any CPU
		{7436C3FA-6756-4770-BF3E-89DE233FECA4}.Debug|Any CPU.Build.0 = Debug|Any CPU
		{7436C3FA-6756-4770-BF3E-89DE233FECA4}.Release|Any CPU.ActiveCfg = Release|Any CPU
		{7436C3FA-6756-4770-BF3E-89DE233FECA4}.Release|Any CPU.Build.0 = Release|Any CPU
		{DFEA2C98-C92F-4618-9FAB-32C3EFFCF708}.Debug|Any CPU.ActiveCfg = Debug|Any CPU
		{DFEA2C98-C92F-4618-9FAB-32C3EFFCF708}.Debug|Any CPU.Build.0 = Debug|Any CPU
		{DFEA2C98-C92F-4618-9FAB-32C3EFFCF708}.Release|Any CPU.ActiveCfg = Release|Any CPU
		{DFEA2C98-C92F-4618-9FAB-32C3EFFCF708}.Release|Any CPU.Build.0 = Release|Any CPU
		{3EC5AEBF-90B0-4E1C-B034-35CEBBEBADB8}.Debug|Any CPU.ActiveCfg = Debug|Any CPU
		{3EC5AEBF-90B0-4E1C-B034-35CEBBEBADB8}.Debug|Any CPU.Build.0 = Debug|Any CPU
		{3EC5AEBF-90B0-4E1C-B034-35CEBBEBADB8}.Release|Any CPU.ActiveCfg = Release|Any CPU
		{3EC5AEBF-90B0-4E1C-B034-35CEBBEBADB8}.Release|Any CPU.Build.0 = Release|Any CPU
		{B865F976-52DF-43DC-9C9F-2F6BCC9756FB}.Debug|Any CPU.ActiveCfg = Debug|Any CPU
		{B865F976-52DF-43DC-9C9F-2F6BCC9756FB}.Debug|Any CPU.Build.0 = Debug|Any CPU
		{B865F976-52DF-43DC-9C9F-2F6BCC9756FB}.Release|Any CPU.ActiveCfg = Release|Any CPU
		{B865F976-52DF-43DC-9C9F-2F6BCC9756FB}.Release|Any CPU.Build.0 = Release|Any CPU
		{72E76E71-9E31-4AB2-9C67-6B040D59BF1F}.Debug|Any CPU.ActiveCfg = Debug|Any CPU
		{72E76E71-9E31-4AB2-9C67-6B040D59BF1F}.Debug|Any CPU.Build.0 = Debug|Any CPU
		{72E76E71-9E31-4AB2-9C67-6B040D59BF1F}.Release|Any CPU.ActiveCfg = Release|Any CPU
		{72E76E71-9E31-4AB2-9C67-6B040D59BF1F}.Release|Any CPU.Build.0 = Release|Any CPU
	EndGlobalSection
	GlobalSection(SolutionProperties) = preSolution
		HideSolutionNode = FALSE
	EndGlobalSection
	GlobalSection(NestedProjects) = preSolution
		{E9B16DE2-F38E-418D-A5E6-DB11143D9B5A} = {B76455B6-6DA5-4C00-9F3A-18BA678BE019}
		{7436C3FA-6756-4770-BF3E-89DE233FECA4} = {E9B16DE2-F38E-418D-A5E6-DB11143D9B5A}
		{DFEA2C98-C92F-4618-9FAB-32C3EFFCF708} = {97E84455-EAD7-4136-A886-0B9E04A4A57D}
		{3A148D13-12D1-44C2-B983-90C485867C3E} = {B76455B6-6DA5-4C00-9F3A-18BA678BE019}
		{3EC5AEBF-90B0-4E1C-B034-35CEBBEBADB8} = {3A148D13-12D1-44C2-B983-90C485867C3E}
		{B865F976-52DF-43DC-9C9F-2F6BCC9756FB} = {BB9AA8A7-F519-4270-BC38-4AB57A9DBFF0}
		{928709F1-26C6-4DC0-9506-D1B7F2D8F687} = {B76455B6-6DA5-4C00-9F3A-18BA678BE019}
		{72E76E71-9E31-4AB2-9C67-6B040D59BF1F} = {928709F1-26C6-4DC0-9506-D1B7F2D8F687}
	EndGlobalSection
	GlobalSection(ExtensibilityGlobals) = postSolution
		SolutionGuid = {80ED1520-AA5F-4FEB-973E-85B4343DB8FD}
	EndGlobalSection
EndGlobal
