
Microsoft Visual Studio Solution File, Format Version 12.00
# Visual Studio Version 17
VisualStudioVersion = 17.3.32901.215
MinimumVisualStudioVersion = 10.0.40219.1
Project("{2150E333-8FDC-42A3-9474-1A3956D46DE8}") = "Services", "Services", "{B76455B6-6DA5-4C00-9F3A-18BA678BE019}"
EndProject
Project("{2150E333-8FDC-42A3-9474-1A3956D46DE8}") = "Catalog", "Catalog", "{E9B16DE2-F38E-418D-A5E6-DB11143D9B5A}"
EndProject
Project("{9A19103F-16F7-4668-BE54-9A1E7A4F7556}") = "FreeCourse.Services.Catalog", "Services\Catalog\FreeCourse.Services.Catalog\FreeCourse.Services.Catalog.csproj", "{7436C3FA-6756-4770-BF3E-89DE233FECA4}"
EndProject
Project("{2150E333-8FDC-42A3-9474-1A3956D46DE8}") = "Ports", "Ports", "{67CD7000-3AAD-452A-A5A0-5DB7E495170E}"
	ProjectSection(SolutionItems) = preProject
		Ports.txt = Ports.txt
	EndProjectSection
EndProject
Project("{2150E333-8FDC-42A3-9474-1A3956D46DE8}") = "Shared", "Shared", "{97E84455-EAD7-4136-A886-0B9E04A4A57D}"
EndProject
Project("{9A19103F-16F7-4668-BE54-9A1E7A4F7556}") = "FreeCourse.Shared", "Shared\FreeCourse.Shared\FreeCourse.Shared.csproj", "{DFEA2C98-C92F-4618-9FAB-32C3EFFCF708}"
EndProject
Project("{2150E333-8FDC-42A3-9474-1A3956D46DE8}") = "IdentityServer", "IdentityServer", "{BB9AA8A7-F519-4270-BC38-4AB57A9DBFF0}"
EndProject
Project("{2150E333-8FDC-42A3-9474-1A3956D46DE8}") = "Photostock", "Photostock", "{3A148D13-12D1-44C2-B983-90C485867C3E}"
EndProject
Project("{9A19103F-16F7-4668-BE54-9A1E7A4F7556}") = "FreeCourse.Services.Photostock", "Services\Photostock\FreeCourse.Services.Photostock\FreeCourse.Services.Photostock.csproj", "{3EC5AEBF-90B0-4E1C-B034-35CEBBEBADB8}"
EndProject
Project("{9A19103F-16F7-4668-BE54-9A1E7A4F7556}") = "IdentityServer4API", "..\IdentityServer4API\IdentityServer4API\IdentityServer4API.csproj", "{B865F976-52DF-43DC-9C9F-2F6BCC9756FB}"
EndProject
Project("{2150E333-8FDC-42A3-9474-1A3956D46DE8}") = "Basket", "Basket", "{928709F1-26C6-4DC0-9506-D1B7F2D8F687}"
EndProject
Project("{9A19103F-16F7-4668-BE54-9A1E7A4F7556}") = "FreeCourse.Services.Basket", "Services\Basket\FreeCourse.Services.Basket\FreeCourse.Services.Basket.csproj", "{72E76E71-9E31-4AB2-9C67-6B040D59BF1F}"
EndProject
Project("{2150E333-8FDC-42A3-9474-1A3956D46DE8}") = "Discount", "Discount", "{B334FECD-82D3-4A23-A19F-7A694A6C8342}"
EndProject
Project("{9A19103F-16F7-4668-BE54-9A1E7A4F7556}") = "FreeCourse.Services.Discount", "Services\Discount\FreeCourse.Services.Discount\FreeCourse.Services.Discount.csproj", "{74904390-93AF-40AA-AB66-D362F6B044F2}"
EndProject
Project("{2150E333-8FDC-42A3-9474-1A3956D46DE8}") = "Order", "Order", "{D4ED8C5C-F869-4363-B243-22781D272E9D}"
EndProject
Project("{9A19103F-16F7-4668-BE54-9A1E7A4F7556}") = "FreeCourse.Services.Order.API", "Services\Order\FreeCourse.Services.Order.API\FreeCourse.Services.Order.API.csproj", "{9CAD4AFE-99D4-4E21-A872-CF85ACC1E5C7}"
EndProject
Project("{9A19103F-16F7-4668-BE54-9A1E7A4F7556}") = "FreeCourse.Services.Order.Application", "Services\Order\FreeCourse.Services.Order.Application\FreeCourse.Services.Order.Application.csproj", "{18A0CFDA-7201-4540-9605-1F5BF95447E3}"
EndProject
Project("{9A19103F-16F7-4668-BE54-9A1E7A4F7556}") = "FreeCourse.Services.Order.Domain", "Services\Order\FreeCourse.Services.Order.Domain\FreeCourse.Services.Order.Domain.csproj", "{F99AC4E6-2920-4B7E-A95B-3B73A048035E}"
EndProject
Project("{9A19103F-16F7-4668-BE54-9A1E7A4F7556}") = "FreeCourse.Services.Order.Domain.Core", "Services\Order\FreeCourse.Services.Order.Domain.Core\FreeCourse.Services.Order.Domain.Core.csproj", "{5F0804EF-F26C-4E3E-9F1D-6BFA7AE0EFB2}"
EndProject
Project("{9A19103F-16F7-4668-BE54-9A1E7A4F7556}") = "FreeCourse.Services.Order.Infrastracture", "Services\Order\FreeCourse.Services.Order.Infrastracture\FreeCourse.Services.Order.Infrastracture.csproj", "{A21FC5B8-194D-43D8-98AB-7BB5BA2B0D2F}"
EndProject
Project("{2150E333-8FDC-42A3-9474-1A3956D46DE8}") = "FakePayment", "FakePayment", "{E66C5813-0479-4D4B-849A-09806D8F21A4}"
EndProject
Project("{FAE04EC0-301F-11D3-BF4B-00C04F79EFBC}") = "FreeCourse.Services.FakePayment", "Services\FakePayment\FreeCourse.Services.FakePayment\FreeCourse.Services.FakePayment.csproj", "{01D5E7A4-2F87-4789-BF12-B11777F9C9A0}"
EndProject
Project("{2150E333-8FDC-42A3-9474-1A3956D46DE8}") = "Gateways", "Gateways", "{47B592CA-62E0-400D-882F-EAC8CAF430EF}"
EndProject
Project("{FAE04EC0-301F-11D3-BF4B-00C04F79EFBC}") = "FreeCourse.Gateway", "Gateways\FreeCourse.Gateway\FreeCourse.Gateway.csproj", "{BED5910D-78F1-4F06-B5E1-29BD979FCF6B}"
EndProject
Global
	GlobalSection(SolutionConfigurationPlatforms) = preSolution
		Debug|Any CPU = Debug|Any CPU
		Release|Any CPU = Release|Any CPU
	EndGlobalSection
	GlobalSection(ProjectConfigurationPlatforms) = postSolution
		{7436C3FA-6756-4770-BF3E-89DE233FECA4}.Debug|Any CPU.ActiveCfg = Debug|Any CPU
		{7436C3FA-6756-4770-BF3E-89DE233FECA4}.Debug|Any CPU.Build.0 = Debug|Any CPU
		{7436C3FA-6756-4770-BF3E-89DE233FECA4}.Release|Any CPU.ActiveCfg = Release|Any CPU
		{7436C3FA-6756-4770-BF3E-89DE233FECA4}.Release|Any CPU.Build.0 = Release|Any CPU
		{DFEA2C98-C92F-4618-9FAB-32C3EFFCF708}.Debug|Any CPU.ActiveCfg = Debug|Any CPU
		{DFEA2C98-C92F-4618-9FAB-32C3EFFCF708}.Debug|Any CPU.Build.0 = Debug|Any CPU
		{DFEA2C98-C92F-4618-9FAB-32C3EFFCF708}.Release|Any CPU.ActiveCfg = Release|Any CPU
		{DFEA2C98-C92F-4618-9FAB-32C3EFFCF708}.Release|Any CPU.Build.0 = Release|Any CPU
		{3EC5AEBF-90B0-4E1C-B034-35CEBBEBADB8}.Debug|Any CPU.ActiveCfg = Debug|Any CPU
		{3EC5AEBF-90B0-4E1C-B034-35CEBBEBADB8}.Debug|Any CPU.Build.0 = Debug|Any CPU
		{3EC5AEBF-90B0-4E1C-B034-35CEBBEBADB8}.Release|Any CPU.ActiveCfg = Release|Any CPU
		{3EC5AEBF-90B0-4E1C-B034-35CEBBEBADB8}.Release|Any CPU.Build.0 = Release|Any CPU
		{B865F976-52DF-43DC-9C9F-2F6BCC9756FB}.Debug|Any CPU.ActiveCfg = Debug|Any CPU
		{B865F976-52DF-43DC-9C9F-2F6BCC9756FB}.Debug|Any CPU.Build.0 = Debug|Any CPU
		{B865F976-52DF-43DC-9C9F-2F6BCC9756FB}.Release|Any CPU.ActiveCfg = Release|Any CPU
		{B865F976-52DF-43DC-9C9F-2F6BCC9756FB}.Release|Any CPU.Build.0 = Release|Any CPU
		{72E76E71-9E31-4AB2-9C67-6B040D59BF1F}.Debug|Any CPU.ActiveCfg = Debug|Any CPU
		{72E76E71-9E31-4AB2-9C67-6B040D59BF1F}.Debug|Any CPU.Build.0 = Debug|Any CPU
		{72E76E71-9E31-4AB2-9C67-6B040D59BF1F}.Release|Any CPU.ActiveCfg = Release|Any CPU
		{72E76E71-9E31-4AB2-9C67-6B040D59BF1F}.Release|Any CPU.Build.0 = Release|Any CPU
		{74904390-93AF-40AA-AB66-D362F6B044F2}.Debug|Any CPU.ActiveCfg = Debug|Any CPU
		{74904390-93AF-40AA-AB66-D362F6B044F2}.Debug|Any CPU.Build.0 = Debug|Any CPU
		{74904390-93AF-40AA-AB66-D362F6B044F2}.Release|Any CPU.ActiveCfg = Release|Any CPU
		{74904390-93AF-40AA-AB66-D362F6B044F2}.Release|Any CPU.Build.0 = Release|Any CPU
		{9CAD4AFE-99D4-4E21-A872-CF85ACC1E5C7}.Debug|Any CPU.ActiveCfg = Debug|Any CPU
		{9CAD4AFE-99D4-4E21-A872-CF85ACC1E5C7}.Debug|Any CPU.Build.0 = Debug|Any CPU
		{9CAD4AFE-99D4-4E21-A872-CF85ACC1E5C7}.Release|Any CPU.ActiveCfg = Release|Any CPU
		{9CAD4AFE-99D4-4E21-A872-CF85ACC1E5C7}.Release|Any CPU.Build.0 = Release|Any CPU
		{18A0CFDA-7201-4540-9605-1F5BF95447E3}.Debug|Any CPU.ActiveCfg = Debug|Any CPU
		{18A0CFDA-7201-4540-9605-1F5BF95447E3}.Debug|Any CPU.Build.0 = Debug|Any CPU
		{18A0CFDA-7201-4540-9605-1F5BF95447E3}.Release|Any CPU.ActiveCfg = Release|Any CPU
		{18A0CFDA-7201-4540-9605-1F5BF95447E3}.Release|Any CPU.Build.0 = Release|Any CPU
		{F99AC4E6-2920-4B7E-A95B-3B73A048035E}.Debug|Any CPU.ActiveCfg = Debug|Any CPU
		{F99AC4E6-2920-4B7E-A95B-3B73A048035E}.Debug|Any CPU.Build.0 = Debug|Any CPU
		{F99AC4E6-2920-4B7E-A95B-3B73A048035E}.Release|Any CPU.ActiveCfg = Release|Any CPU
		{F99AC4E6-2920-4B7E-A95B-3B73A048035E}.Release|Any CPU.Build.0 = Release|Any CPU
		{5F0804EF-F26C-4E3E-9F1D-6BFA7AE0EFB2}.Debug|Any CPU.ActiveCfg = Debug|Any CPU
		{5F0804EF-F26C-4E3E-9F1D-6BFA7AE0EFB2}.Debug|Any CPU.Build.0 = Debug|Any CPU
		{5F0804EF-F26C-4E3E-9F1D-6BFA7AE0EFB2}.Release|Any CPU.ActiveCfg = Release|Any CPU
		{5F0804EF-F26C-4E3E-9F1D-6BFA7AE0EFB2}.Release|Any CPU.Build.0 = Release|Any CPU
		{A21FC5B8-194D-43D8-98AB-7BB5BA2B0D2F}.Debug|Any CPU.ActiveCfg = Debug|Any CPU
		{A21FC5B8-194D-43D8-98AB-7BB5BA2B0D2F}.Debug|Any CPU.Build.0 = Debug|Any CPU
		{A21FC5B8-194D-43D8-98AB-7BB5BA2B0D2F}.Release|Any CPU.ActiveCfg = Release|Any CPU
		{A21FC5B8-194D-43D8-98AB-7BB5BA2B0D2F}.Release|Any CPU.Build.0 = Release|Any CPU
		{01D5E7A4-2F87-4789-BF12-B11777F9C9A0}.Debug|Any CPU.ActiveCfg = Debug|Any CPU
		{01D5E7A4-2F87-4789-BF12-B11777F9C9A0}.Debug|Any CPU.Build.0 = Debug|Any CPU
		{01D5E7A4-2F87-4789-BF12-B11777F9C9A0}.Release|Any CPU.ActiveCfg = Release|Any CPU
		{01D5E7A4-2F87-4789-BF12-B11777F9C9A0}.Release|Any CPU.Build.0 = Release|Any CPU
		{BED5910D-78F1-4F06-B5E1-29BD979FCF6B}.Debug|Any CPU.ActiveCfg = Debug|Any CPU
		{BED5910D-78F1-4F06-B5E1-29BD979FCF6B}.Debug|Any CPU.Build.0 = Debug|Any CPU
		{BED5910D-78F1-4F06-B5E1-29BD979FCF6B}.Release|Any CPU.ActiveCfg = Release|Any CPU
		{BED5910D-78F1-4F06-B5E1-29BD979FCF6B}.Release|Any CPU.Build.0 = Release|Any CPU
	EndGlobalSection
	GlobalSection(SolutionProperties) = preSolution
		HideSolutionNode = FALSE
	EndGlobalSection
	GlobalSection(NestedProjects) = preSolution
		{E9B16DE2-F38E-418D-A5E6-DB11143D9B5A} = {B76455B6-6DA5-4C00-9F3A-18BA678BE019}
		{7436C3FA-6756-4770-BF3E-89DE233FECA4} = {E9B16DE2-F38E-418D-A5E6-DB11143D9B5A}
		{DFEA2C98-C92F-4618-9FAB-32C3EFFCF708} = {97E84455-EAD7-4136-A886-0B9E04A4A57D}
		{3A148D13-12D1-44C2-B983-90C485867C3E} = {B76455B6-6DA5-4C00-9F3A-18BA678BE019}
		{3EC5AEBF-90B0-4E1C-B034-35CEBBEBADB8} = {3A148D13-12D1-44C2-B983-90C485867C3E}
		{B865F976-52DF-43DC-9C9F-2F6BCC9756FB} = {BB9AA8A7-F519-4270-BC38-4AB57A9DBFF0}
		{928709F1-26C6-4DC0-9506-D1B7F2D8F687} = {B76455B6-6DA5-4C00-9F3A-18BA678BE019}
		{72E76E71-9E31-4AB2-9C67-6B040D59BF1F} = {928709F1-26C6-4DC0-9506-D1B7F2D8F687}
		{B334FECD-82D3-4A23-A19F-7A694A6C8342} = {B76455B6-6DA5-4C00-9F3A-18BA678BE019}
		{74904390-93AF-40AA-AB66-D362F6B044F2} = {B334FECD-82D3-4A23-A19F-7A694A6C8342}
		{D4ED8C5C-F869-4363-B243-22781D272E9D} = {B76455B6-6DA5-4C00-9F3A-18BA678BE019}
		{9CAD4AFE-99D4-4E21-A872-CF85ACC1E5C7} = {D4ED8C5C-F869-4363-B243-22781D272E9D}
		{18A0CFDA-7201-4540-9605-1F5BF95447E3} = {D4ED8C5C-F869-4363-B243-22781D272E9D}
		{F99AC4E6-2920-4B7E-A95B-3B73A048035E} = {D4ED8C5C-F869-4363-B243-22781D272E9D}
		{5F0804EF-F26C-4E3E-9F1D-6BFA7AE0EFB2} = {D4ED8C5C-F869-4363-B243-22781D272E9D}
		{A21FC5B8-194D-43D8-98AB-7BB5BA2B0D2F} = {D4ED8C5C-F869-4363-B243-22781D272E9D}
		{E66C5813-0479-4D4B-849A-09806D8F21A4} = {B76455B6-6DA5-4C00-9F3A-18BA678BE019}
		{01D5E7A4-2F87-4789-BF12-B11777F9C9A0} = {E66C5813-0479-4D4B-849A-09806D8F21A4}
		{BED5910D-78F1-4F06-B5E1-29BD979FCF6B} = {47B592CA-62E0-400D-882F-EAC8CAF430EF}
	EndGlobalSection
	GlobalSection(ExtensibilityGlobals) = postSolution
		SolutionGuid = {80ED1520-AA5F-4FEB-973E-85B4343DB8FD}
	EndGlobalSection
EndGlobal
